
Microsoft Visual Studio Solution File, Format Version 12.00
# Visual Studio Version 17
VisualStudioVersion = 17.9.34622.214
MinimumVisualStudioVersion = 10.0.40219.1
Project("{FAE04EC0-301F-11D3-BF4B-00C04F79EFBC}") = "PersonalApplication", "src\PersonalApplication.csproj", "{6BCA420F-BA6B-4DC1-A73B-106112FB5C3E}"
EndProject
Global
	GlobalSection(SolutionConfigurationPlatforms) = preSolution
		Debug|Any CPU = Debug|Any CPU
		Release|Any CPU = Release|Any CPU
	EndGlobalSection
	GlobalSection(ProjectConfigurationPlatforms) = postSolution
		{6BCA420F-BA6B-4DC1-A73B-106112FB5C3E}.Debug|Any CPU.ActiveCfg = Debug|Any CPU
		{6BCA420F-BA6B-4DC1-A73B-106112FB5C3E}.Debug|Any CPU.Build.0 = Debug|Any CPU
		{6BCA420F-BA6B-4DC1-A73B-106112FB5C3E}.Release|Any CPU.ActiveCfg = Release|Any CPU
		{6BCA420F-BA6B-4DC1-A73B-106112FB5C3E}.Release|Any CPU.Build.0 = Release|Any CPU
	EndGlobalSection
	GlobalSection(SolutionProperties) = preSolution
		HideSolutionNode = FALSE
	EndGlobalSection
	GlobalSection(ExtensibilityGlobals) = postSolution
		SolutionGuid = {EEE00287-8077-4324-A2F9-0627C2F3AFB0}
	EndGlobalSection
EndGlobal
